
Microsoft Visual Studio Solution File, Format Version 12.00
# Visual Studio Version 16
VisualStudioVersion = 16.0.29215.179
MinimumVisualStudioVersion = 10.0.40219.1
Project("{9A19103F-16F7-4668-BE54-9A1E7A4F7556}") = "Demo", "Demo\Demo.csproj", "{BD29D725-ECBE-43D7-BC13-80325DFBAE55}"
EndProject
Project("{9A19103F-16F7-4668-BE54-9A1E7A4F7556}") = "WikiDumpParser", "WikiDumpParser\WikiDumpParser.csproj", "{9B5AE22E-E74D-4005-B460-FB418C5A6E57}"
EndProject
Global
	GlobalSection(SolutionConfigurationPlatforms) = preSolution
		Debug|Any CPU = Debug|Any CPU
		Release|Any CPU = Release|Any CPU
	EndGlobalSection
	GlobalSection(ProjectConfigurationPlatforms) = postSolution
		{BD29D725-ECBE-43D7-BC13-80325DFBAE55}.Debug|Any CPU.ActiveCfg = Debug|Any CPU
		{BD29D725-ECBE-43D7-BC13-80325DFBAE55}.Debug|Any CPU.Build.0 = Debug|Any CPU
		{BD29D725-ECBE-43D7-BC13-80325DFBAE55}.Release|Any CPU.ActiveCfg = Release|Any CPU
		{BD29D725-ECBE-43D7-BC13-80325DFBAE55}.Release|Any CPU.Build.0 = Release|Any CPU
		{9B5AE22E-E74D-4005-B460-FB418C5A6E57}.Debug|Any CPU.ActiveCfg = Debug|Any CPU
		{9B5AE22E-E74D-4005-B460-FB418C5A6E57}.Debug|Any CPU.Build.0 = Debug|Any CPU
		{9B5AE22E-E74D-4005-B460-FB418C5A6E57}.Release|Any CPU.ActiveCfg = Release|Any CPU
		{9B5AE22E-E74D-4005-B460-FB418C5A6E57}.Release|Any CPU.Build.0 = Release|Any CPU
	EndGlobalSection
	GlobalSection(SolutionProperties) = preSolution
		HideSolutionNode = FALSE
	EndGlobalSection
	GlobalSection(ExtensibilityGlobals) = postSolution
		SolutionGuid = {E7B08625-2D08-47F4-8B7A-0A67F70AE475}
	EndGlobalSection
EndGlobal
